
Microsoft Visual Studio Solution File, Format Version 12.00
# Visual Studio Version 16
VisualStudioVersion = 16.0.28729.10
MinimumVisualStudioVersion = 10.0.40219.1
Project("{9A19103F-16F7-4668-BE54-9A1E7A4F7556}") = "Bolt.FluentHttpClient.Abstracts", "Bolt.FluentHttpClient.Abstracts\Bolt.FluentHttpClient.Abstracts.csproj", "{C9E691B0-39C9-47D4-A106-CB00BB194686}"
EndProject
Project("{9A19103F-16F7-4668-BE54-9A1E7A4F7556}") = "Bolt.FluentHttpClient", "Bolt.FluentHttpClient\Bolt.FluentHttpClient.csproj", "{F8011750-5339-4CA8-B75B-31A2AF204889}"
EndProject
Project("{2150E333-8FDC-42A3-9474-1A3956D46DE8}") = "Help", "Help", "{DA12E78D-4B05-4507-9CDC-BA50550D5BB4}"
	ProjectSection(SolutionItems) = preProject
		README.md = README.md
	EndProjectSection
EndProject
Project("{2150E333-8FDC-42A3-9474-1A3956D46DE8}") = "Tests", "Tests", "{F1202149-B9C6-4D5A-95FC-DC39BB3CD768}"
EndProject
Project("{9A19103F-16F7-4668-BE54-9A1E7A4F7556}") = "Bolt.FluentHttpClient.Tests", "Bolt.FluentHttpClient.Tests\Bolt.FluentHttpClient.Tests.csproj", "{B6E16D49-FC6E-4D1F-B389-ABD6407C5F2B}"
EndProject
Project("{2150E333-8FDC-42A3-9474-1A3956D46DE8}") = "SampleApi", "SampleApi", "{98852E3D-769F-4443-A25F-7BC6F5704EED}"
EndProject
Project("{9A19103F-16F7-4668-BE54-9A1E7A4F7556}") = "SampleBooksApi", "SampleBooksApi\SampleBooksApi.csproj", "{CEA64AE2-A773-48A1-92F8-80CACD4C9971}"
EndProject
Project("{9A19103F-16F7-4668-BE54-9A1E7A4F7556}") = "SampleBooksApi.Contracts", "SampleBooksApi.Contracts\SampleBooksApi.Contracts.csproj", "{EBBBFE60-DDD6-4B5E-B104-EC89FB52B6E9}"
EndProject
Project("{FAE04EC0-301F-11D3-BF4B-00C04F79EFBC}") = "Bolt.FluentHttpClient.Fake", "Bolt.FluentHttpClient.Fake\Bolt.FluentHttpClient.Fake.csproj", "{DF877D2F-2D66-4632-AC9F-3DA3334E7D2E}"
EndProject
Global
	GlobalSection(SolutionConfigurationPlatforms) = preSolution
		Debug|Any CPU = Debug|Any CPU
		Release|Any CPU = Release|Any CPU
	EndGlobalSection
	GlobalSection(ProjectConfigurationPlatforms) = postSolution
		{C9E691B0-39C9-47D4-A106-CB00BB194686}.Debug|Any CPU.ActiveCfg = Debug|Any CPU
		{C9E691B0-39C9-47D4-A106-CB00BB194686}.Debug|Any CPU.Build.0 = Debug|Any CPU
		{C9E691B0-39C9-47D4-A106-CB00BB194686}.Release|Any CPU.ActiveCfg = Release|Any CPU
		{C9E691B0-39C9-47D4-A106-CB00BB194686}.Release|Any CPU.Build.0 = Release|Any CPU
		{F8011750-5339-4CA8-B75B-31A2AF204889}.Debug|Any CPU.ActiveCfg = Debug|Any CPU
		{F8011750-5339-4CA8-B75B-31A2AF204889}.Debug|Any CPU.Build.0 = Debug|Any CPU
		{F8011750-5339-4CA8-B75B-31A2AF204889}.Release|Any CPU.ActiveCfg = Release|Any CPU
		{F8011750-5339-4CA8-B75B-31A2AF204889}.Release|Any CPU.Build.0 = Release|Any CPU
		{B6E16D49-FC6E-4D1F-B389-ABD6407C5F2B}.Debug|Any CPU.ActiveCfg = Debug|Any CPU
		{B6E16D49-FC6E-4D1F-B389-ABD6407C5F2B}.Debug|Any CPU.Build.0 = Debug|Any CPU
		{B6E16D49-FC6E-4D1F-B389-ABD6407C5F2B}.Release|Any CPU.ActiveCfg = Release|Any CPU
		{B6E16D49-FC6E-4D1F-B389-ABD6407C5F2B}.Release|Any CPU.Build.0 = Release|Any CPU
		{CEA64AE2-A773-48A1-92F8-80CACD4C9971}.Debug|Any CPU.ActiveCfg = Debug|Any CPU
		{CEA64AE2-A773-48A1-92F8-80CACD4C9971}.Debug|Any CPU.Build.0 = Debug|Any CPU
		{CEA64AE2-A773-48A1-92F8-80CACD4C9971}.Release|Any CPU.ActiveCfg = Release|Any CPU
		{CEA64AE2-A773-48A1-92F8-80CACD4C9971}.Release|Any CPU.Build.0 = Release|Any CPU
		{EBBBFE60-DDD6-4B5E-B104-EC89FB52B6E9}.Debug|Any CPU.ActiveCfg = Debug|Any CPU
		{EBBBFE60-DDD6-4B5E-B104-EC89FB52B6E9}.Debug|Any CPU.Build.0 = Debug|Any CPU
		{EBBBFE60-DDD6-4B5E-B104-EC89FB52B6E9}.Release|Any CPU.ActiveCfg = Release|Any CPU
		{EBBBFE60-DDD6-4B5E-B104-EC89FB52B6E9}.Release|Any CPU.Build.0 = Release|Any CPU
		{DF877D2F-2D66-4632-AC9F-3DA3334E7D2E}.Debug|Any CPU.ActiveCfg = Debug|Any CPU
		{DF877D2F-2D66-4632-AC9F-3DA3334E7D2E}.Debug|Any CPU.Build.0 = Debug|Any CPU
		{DF877D2F-2D66-4632-AC9F-3DA3334E7D2E}.Release|Any CPU.ActiveCfg = Release|Any CPU
		{DF877D2F-2D66-4632-AC9F-3DA3334E7D2E}.Release|Any CPU.Build.0 = Release|Any CPU
	EndGlobalSection
	GlobalSection(SolutionProperties) = preSolution
		HideSolutionNode = FALSE
	EndGlobalSection
	GlobalSection(NestedProjects) = preSolution
		{B6E16D49-FC6E-4D1F-B389-ABD6407C5F2B} = {F1202149-B9C6-4D5A-95FC-DC39BB3CD768}
		{CEA64AE2-A773-48A1-92F8-80CACD4C9971} = {98852E3D-769F-4443-A25F-7BC6F5704EED}
		{EBBBFE60-DDD6-4B5E-B104-EC89FB52B6E9} = {98852E3D-769F-4443-A25F-7BC6F5704EED}
	EndGlobalSection
	GlobalSection(ExtensibilityGlobals) = postSolution
		SolutionGuid = {81D24BF6-90B2-4A03-8D9B-54055B6858B3}
	EndGlobalSection
EndGlobal
